
Microsoft Visual Studio Solution File, Format Version 12.00
# Visual Studio 15
VisualStudioVersion = 15.0.28307.271
MinimumVisualStudioVersion = 10.0.40219.1
Project("{2150E333-8FDC-42A3-9474-1A3956D46DE8}") = "A - Mobile", "A - Mobile", "{8FAC9B1E-FABD-46BC-BB25-8F3D375387B4}"
EndProject
Project("{2150E333-8FDC-42A3-9474-1A3956D46DE8}") = "B - WebApi", "B - WebApi", "{D3331CB0-F6B5-40A4-933C-DDD5E2CE3690}"
EndProject
Project("{2150E333-8FDC-42A3-9474-1A3956D46DE8}") = "C - Domain", "C - Domain", "{E76046CD-958D-4B5F-9737-7DF859B4F5E6}"
EndProject
Project("{2150E333-8FDC-42A3-9474-1A3956D46DE8}") = "E - Test", "E - Test", "{4374DD06-16CA-410A-97B1-833646130F6A}"
EndProject
Project("{FAE04EC0-301F-11D3-BF4B-00C04F79EFBC}") = "CopaFilmesApp.Android", "CopaFilmesApp\CopaFilmesApp.Android\CopaFilmesApp.Android.csproj", "{9E343053-A69C-48DA-8279-333F720F8FD1}"
EndProject
Project("{FAE04EC0-301F-11D3-BF4B-00C04F79EFBC}") = "CopaFilmesApp.iOS", "CopaFilmesApp\CopaFilmesApp.iOS\CopaFilmesApp.iOS.csproj", "{C8F0E252-4FA2-4829-A63C-1DD73C4A61E0}"
EndProject
Project("{9A19103F-16F7-4668-BE54-9A1E7A4F7556}") = "CopaFilmesApp", "CopaFilmesApp\CopaFilmesApp\CopaFilmesApp.csproj", "{901DF19A-E315-4FE2-AF2B-9E202F472E3E}"
EndProject
Project("{9A19103F-16F7-4668-BE54-9A1E7A4F7556}") = "CopaFilmes.Domain", "CopaFilmes.Domain\CopaFilmes.Domain.csproj", "{CD358951-792C-45F3-8572-C6623A4FC8EF}"
EndProject
Project("{2150E333-8FDC-42A3-9474-1A3956D46DE8}") = "D - Infra", "D - Infra", "{4E8C1414-1A1A-4032-B171-2E40103AA338}"
EndProject
Project("{9A19103F-16F7-4668-BE54-9A1E7A4F7556}") = "CopaFilmes.Infra", "CopaFilmes.Infra\CopaFilmes.Infra.csproj", "{F9436AFC-982D-4055-A9E0-4508A0AD1EC4}"
EndProject
Project("{FAE04EC0-301F-11D3-BF4B-00C04F79EFBC}") = "CopaFilmes.Tests", "CopaFilmes.Tests\CopaFilmes.Tests.csproj", "{8896689A-5004-4426-884E-63AA6CB7CB09}"
EndProject
Project("{9A19103F-16F7-4668-BE54-9A1E7A4F7556}") = "CopaFilmes.Api", "CopaFilmes.Api\CopaFilmes.Api.csproj", "{4E02FC61-AE19-4FA4-A1D7-C294A76B43BB}"
EndProject
Project("{2150E333-8FDC-42A3-9474-1A3956D46DE8}") = "Solution Items", "Solution Items", "{76D2CE3A-DF3B-41ED-BE3A-01A7194BD613}"
	ProjectSection(SolutionItems) = preProject
		README.me = README.me
	EndProjectSection
EndProject
Global
	GlobalSection(SolutionConfigurationPlatforms) = preSolution
		Ad-Hoc|Any CPU = Ad-Hoc|Any CPU
		Ad-Hoc|iPhone = Ad-Hoc|iPhone
		Ad-Hoc|iPhoneSimulator = Ad-Hoc|iPhoneSimulator
		AppStore|Any CPU = AppStore|Any CPU
		AppStore|iPhone = AppStore|iPhone
		AppStore|iPhoneSimulator = AppStore|iPhoneSimulator
		Debug|Any CPU = Debug|Any CPU
		Debug|iPhone = Debug|iPhone
		Debug|iPhoneSimulator = Debug|iPhoneSimulator
		Release|Any CPU = Release|Any CPU
		Release|iPhone = Release|iPhone
		Release|iPhoneSimulator = Release|iPhoneSimulator
	EndGlobalSection
	GlobalSection(ProjectConfigurationPlatforms) = postSolution
		{9E343053-A69C-48DA-8279-333F720F8FD1}.Ad-Hoc|Any CPU.ActiveCfg = Release|Any CPU
		{9E343053-A69C-48DA-8279-333F720F8FD1}.Ad-Hoc|Any CPU.Build.0 = Release|Any CPU
		{9E343053-A69C-48DA-8279-333F720F8FD1}.Ad-Hoc|Any CPU.Deploy.0 = Release|Any CPU
		{9E343053-A69C-48DA-8279-333F720F8FD1}.Ad-Hoc|iPhone.ActiveCfg = Release|Any CPU
		{9E343053-A69C-48DA-8279-333F720F8FD1}.Ad-Hoc|iPhone.Build.0 = Release|Any CPU
		{9E343053-A69C-48DA-8279-333F720F8FD1}.Ad-Hoc|iPhone.Deploy.0 = Release|Any CPU
		{9E343053-A69C-48DA-8279-333F720F8FD1}.Ad-Hoc|iPhoneSimulator.ActiveCfg = Release|Any CPU
		{9E343053-A69C-48DA-8279-333F720F8FD1}.Ad-Hoc|iPhoneSimulator.Build.0 = Release|Any CPU
		{9E343053-A69C-48DA-8279-333F720F8FD1}.Ad-Hoc|iPhoneSimulator.Deploy.0 = Release|Any CPU
		{9E343053-A69C-48DA-8279-333F720F8FD1}.AppStore|Any CPU.ActiveCfg = Release|Any CPU
		{9E343053-A69C-48DA-8279-333F720F8FD1}.AppStore|Any CPU.Build.0 = Release|Any CPU
		{9E343053-A69C-48DA-8279-333F720F8FD1}.AppStore|Any CPU.Deploy.0 = Release|Any CPU
		{9E343053-A69C-48DA-8279-333F720F8FD1}.AppStore|iPhone.ActiveCfg = Release|Any CPU
		{9E343053-A69C-48DA-8279-333F720F8FD1}.AppStore|iPhone.Build.0 = Release|Any CPU
		{9E343053-A69C-48DA-8279-333F720F8FD1}.AppStore|iPhone.Deploy.0 = Release|Any CPU
		{9E343053-A69C-48DA-8279-333F720F8FD1}.AppStore|iPhoneSimulator.ActiveCfg = Release|Any CPU
		{9E343053-A69C-48DA-8279-333F720F8FD1}.AppStore|iPhoneSimulator.Build.0 = Release|Any CPU
		{9E343053-A69C-48DA-8279-333F720F8FD1}.AppStore|iPhoneSimulator.Deploy.0 = Release|Any CPU
		{9E343053-A69C-48DA-8279-333F720F8FD1}.Debug|Any CPU.ActiveCfg = Debug|Any CPU
		{9E343053-A69C-48DA-8279-333F720F8FD1}.Debug|Any CPU.Build.0 = Debug|Any CPU
		{9E343053-A69C-48DA-8279-333F720F8FD1}.Debug|Any CPU.Deploy.0 = Debug|Any CPU
		{9E343053-A69C-48DA-8279-333F720F8FD1}.Debug|iPhone.ActiveCfg = Debug|Any CPU
		{9E343053-A69C-48DA-8279-333F720F8FD1}.Debug|iPhone.Build.0 = Debug|Any CPU
		{9E343053-A69C-48DA-8279-333F720F8FD1}.Debug|iPhone.Deploy.0 = Debug|Any CPU
		{9E343053-A69C-48DA-8279-333F720F8FD1}.Debug|iPhoneSimulator.ActiveCfg = Debug|Any CPU
		{9E343053-A69C-48DA-8279-333F720F8FD1}.Debug|iPhoneSimulator.Build.0 = Debug|Any CPU
		{9E343053-A69C-48DA-8279-333F720F8FD1}.Debug|iPhoneSimulator.Deploy.0 = Debug|Any CPU
		{9E343053-A69C-48DA-8279-333F720F8FD1}.Release|Any CPU.ActiveCfg = Release|Any CPU
		{9E343053-A69C-48DA-8279-333F720F8FD1}.Release|Any CPU.Build.0 = Release|Any CPU
		{9E343053-A69C-48DA-8279-333F720F8FD1}.Release|Any CPU.Deploy.0 = Release|Any CPU
		{9E343053-A69C-48DA-8279-333F720F8FD1}.Release|iPhone.ActiveCfg = Release|Any CPU
		{9E343053-A69C-48DA-8279-333F720F8FD1}.Release|iPhone.Build.0 = Release|Any CPU
		{9E343053-A69C-48DA-8279-333F720F8FD1}.Release|iPhone.Deploy.0 = Release|Any CPU
		{9E343053-A69C-48DA-8279-333F720F8FD1}.Release|iPhoneSimulator.ActiveCfg = Release|Any CPU
		{9E343053-A69C-48DA-8279-333F720F8FD1}.Release|iPhoneSimulator.Build.0 = Release|Any CPU
		{9E343053-A69C-48DA-8279-333F720F8FD1}.Release|iPhoneSimulator.Deploy.0 = Release|Any CPU
		{C8F0E252-4FA2-4829-A63C-1DD73C4A61E0}.Ad-Hoc|Any CPU.ActiveCfg = Ad-Hoc|iPhone
		{C8F0E252-4FA2-4829-A63C-1DD73C4A61E0}.Ad-Hoc|iPhone.ActiveCfg = Ad-Hoc|iPhone
		{C8F0E252-4FA2-4829-A63C-1DD73C4A61E0}.Ad-Hoc|iPhone.Build.0 = Ad-Hoc|iPhone
		{C8F0E252-4FA2-4829-A63C-1DD73C4A61E0}.Ad-Hoc|iPhoneSimulator.ActiveCfg = Ad-Hoc|iPhoneSimulator
		{C8F0E252-4FA2-4829-A63C-1DD73C4A61E0}.Ad-Hoc|iPhoneSimulator.Build.0 = Ad-Hoc|iPhoneSimulator
		{C8F0E252-4FA2-4829-A63C-1DD73C4A61E0}.AppStore|Any CPU.ActiveCfg = AppStore|iPhone
		{C8F0E252-4FA2-4829-A63C-1DD73C4A61E0}.AppStore|iPhone.ActiveCfg = AppStore|iPhone
		{C8F0E252-4FA2-4829-A63C-1DD73C4A61E0}.AppStore|iPhone.Build.0 = AppStore|iPhone
		{C8F0E252-4FA2-4829-A63C-1DD73C4A61E0}.AppStore|iPhoneSimulator.ActiveCfg = AppStore|iPhoneSimulator
		{C8F0E252-4FA2-4829-A63C-1DD73C4A61E0}.AppStore|iPhoneSimulator.Build.0 = AppStore|iPhoneSimulator
		{C8F0E252-4FA2-4829-A63C-1DD73C4A61E0}.Debug|Any CPU.ActiveCfg = Debug|iPhone
		{C8F0E252-4FA2-4829-A63C-1DD73C4A61E0}.Debug|iPhone.ActiveCfg = Debug|iPhone
		{C8F0E252-4FA2-4829-A63C-1DD73C4A61E0}.Debug|iPhone.Build.0 = Debug|iPhone
		{C8F0E252-4FA2-4829-A63C-1DD73C4A61E0}.Debug|iPhoneSimulator.ActiveCfg = Debug|iPhoneSimulator
		{C8F0E252-4FA2-4829-A63C-1DD73C4A61E0}.Debug|iPhoneSimulator.Build.0 = Debug|iPhoneSimulator
		{C8F0E252-4FA2-4829-A63C-1DD73C4A61E0}.Release|Any CPU.ActiveCfg = Release|iPhone
		{C8F0E252-4FA2-4829-A63C-1DD73C4A61E0}.Release|iPhone.ActiveCfg = Release|iPhone
		{C8F0E252-4FA2-4829-A63C-1DD73C4A61E0}.Release|iPhone.Build.0 = Release|iPhone
		{C8F0E252-4FA2-4829-A63C-1DD73C4A61E0}.Release|iPhoneSimulator.ActiveCfg = Release|iPhoneSimulator
		{C8F0E252-4FA2-4829-A63C-1DD73C4A61E0}.Release|iPhoneSimulator.Build.0 = Release|iPhoneSimulator
		{901DF19A-E315-4FE2-AF2B-9E202F472E3E}.Ad-Hoc|Any CPU.ActiveCfg = Debug|Any CPU
		{901DF19A-E315-4FE2-AF2B-9E202F472E3E}.Ad-Hoc|Any CPU.Build.0 = Debug|Any CPU
		{901DF19A-E315-4FE2-AF2B-9E202F472E3E}.Ad-Hoc|iPhone.ActiveCfg = Debug|Any CPU
		{901DF19A-E315-4FE2-AF2B-9E202F472E3E}.Ad-Hoc|iPhone.Build.0 = Debug|Any CPU
		{901DF19A-E315-4FE2-AF2B-9E202F472E3E}.Ad-Hoc|iPhoneSimulator.ActiveCfg = Debug|Any CPU
		{901DF19A-E315-4FE2-AF2B-9E202F472E3E}.Ad-Hoc|iPhoneSimulator.Build.0 = Debug|Any CPU
		{901DF19A-E315-4FE2-AF2B-9E202F472E3E}.AppStore|Any CPU.ActiveCfg = Debug|Any CPU
		{901DF19A-E315-4FE2-AF2B-9E202F472E3E}.AppStore|Any CPU.Build.0 = Debug|Any CPU
		{901DF19A-E315-4FE2-AF2B-9E202F472E3E}.AppStore|iPhone.ActiveCfg = Debug|Any CPU
		{901DF19A-E315-4FE2-AF2B-9E202F472E3E}.AppStore|iPhone.Build.0 = Debug|Any CPU
		{901DF19A-E315-4FE2-AF2B-9E202F472E3E}.AppStore|iPhoneSimulator.ActiveCfg = Debug|Any CPU
		{901DF19A-E315-4FE2-AF2B-9E202F472E3E}.AppStore|iPhoneSimulator.Build.0 = Debug|Any CPU
		{901DF19A-E315-4FE2-AF2B-9E202F472E3E}.Debug|Any CPU.ActiveCfg = Debug|Any CPU
		{901DF19A-E315-4FE2-AF2B-9E202F472E3E}.Debug|Any CPU.Build.0 = Debug|Any CPU
		{901DF19A-E315-4FE2-AF2B-9E202F472E3E}.Debug|iPhone.ActiveCfg = Debug|Any CPU
		{901DF19A-E315-4FE2-AF2B-9E202F472E3E}.Debug|iPhone.Build.0 = Debug|Any CPU
		{901DF19A-E315-4FE2-AF2B-9E202F472E3E}.Debug|iPhoneSimulator.ActiveCfg = Debug|Any CPU
		{901DF19A-E315-4FE2-AF2B-9E202F472E3E}.Debug|iPhoneSimulator.Build.0 = Debug|Any CPU
		{901DF19A-E315-4FE2-AF2B-9E202F472E3E}.Release|Any CPU.ActiveCfg = Release|Any CPU
		{901DF19A-E315-4FE2-AF2B-9E202F472E3E}.Release|Any CPU.Build.0 = Release|Any CPU
		{901DF19A-E315-4FE2-AF2B-9E202F472E3E}.Release|iPhone.ActiveCfg = Release|Any CPU
		{901DF19A-E315-4FE2-AF2B-9E202F472E3E}.Release|iPhone.Build.0 = Release|Any CPU
		{901DF19A-E315-4FE2-AF2B-9E202F472E3E}.Release|iPhoneSimulator.ActiveCfg = Release|Any CPU
		{901DF19A-E315-4FE2-AF2B-9E202F472E3E}.Release|iPhoneSimulator.Build.0 = Release|Any CPU
		{CD358951-792C-45F3-8572-C6623A4FC8EF}.Ad-Hoc|Any CPU.ActiveCfg = Debug|Any CPU
		{CD358951-792C-45F3-8572-C6623A4FC8EF}.Ad-Hoc|Any CPU.Build.0 = Debug|Any CPU
		{CD358951-792C-45F3-8572-C6623A4FC8EF}.Ad-Hoc|iPhone.ActiveCfg = Debug|Any CPU
		{CD358951-792C-45F3-8572-C6623A4FC8EF}.Ad-Hoc|iPhone.Build.0 = Debug|Any CPU
		{CD358951-792C-45F3-8572-C6623A4FC8EF}.Ad-Hoc|iPhoneSimulator.ActiveCfg = Debug|Any CPU
		{CD358951-792C-45F3-8572-C6623A4FC8EF}.Ad-Hoc|iPhoneSimulator.Build.0 = Debug|Any CPU
		{CD358951-792C-45F3-8572-C6623A4FC8EF}.AppStore|Any CPU.ActiveCfg = Debug|Any CPU
		{CD358951-792C-45F3-8572-C6623A4FC8EF}.AppStore|Any CPU.Build.0 = Debug|Any CPU
		{CD358951-792C-45F3-8572-C6623A4FC8EF}.AppStore|iPhone.ActiveCfg = Debug|Any CPU
		{CD358951-792C-45F3-8572-C6623A4FC8EF}.AppStore|iPhone.Build.0 = Debug|Any CPU
		{CD358951-792C-45F3-8572-C6623A4FC8EF}.AppStore|iPhoneSimulator.ActiveCfg = Debug|Any CPU
		{CD358951-792C-45F3-8572-C6623A4FC8EF}.AppStore|iPhoneSimulator.Build.0 = Debug|Any CPU
		{CD358951-792C-45F3-8572-C6623A4FC8EF}.Debug|Any CPU.ActiveCfg = Debug|Any CPU
		{CD358951-792C-45F3-8572-C6623A4FC8EF}.Debug|Any CPU.Build.0 = Debug|Any CPU
		{CD358951-792C-45F3-8572-C6623A4FC8EF}.Debug|iPhone.ActiveCfg = Debug|Any CPU
		{CD358951-792C-45F3-8572-C6623A4FC8EF}.Debug|iPhone.Build.0 = Debug|Any CPU
		{CD358951-792C-45F3-8572-C6623A4FC8EF}.Debug|iPhoneSimulator.ActiveCfg = Debug|Any CPU
		{CD358951-792C-45F3-8572-C6623A4FC8EF}.Debug|iPhoneSimulator.Build.0 = Debug|Any CPU
		{CD358951-792C-45F3-8572-C6623A4FC8EF}.Release|Any CPU.ActiveCfg = Release|Any CPU
		{CD358951-792C-45F3-8572-C6623A4FC8EF}.Release|Any CPU.Build.0 = Release|Any CPU
		{CD358951-792C-45F3-8572-C6623A4FC8EF}.Release|iPhone.ActiveCfg = Release|Any CPU
		{CD358951-792C-45F3-8572-C6623A4FC8EF}.Release|iPhone.Build.0 = Release|Any CPU
		{CD358951-792C-45F3-8572-C6623A4FC8EF}.Release|iPhoneSimulator.ActiveCfg = Release|Any CPU
		{CD358951-792C-45F3-8572-C6623A4FC8EF}.Release|iPhoneSimulator.Build.0 = Release|Any CPU
		{F9436AFC-982D-4055-A9E0-4508A0AD1EC4}.Ad-Hoc|Any CPU.ActiveCfg = Debug|Any CPU
		{F9436AFC-982D-4055-A9E0-4508A0AD1EC4}.Ad-Hoc|Any CPU.Build.0 = Debug|Any CPU
		{F9436AFC-982D-4055-A9E0-4508A0AD1EC4}.Ad-Hoc|iPhone.ActiveCfg = Debug|Any CPU
		{F9436AFC-982D-4055-A9E0-4508A0AD1EC4}.Ad-Hoc|iPhone.Build.0 = Debug|Any CPU
		{F9436AFC-982D-4055-A9E0-4508A0AD1EC4}.Ad-Hoc|iPhoneSimulator.ActiveCfg = Debug|Any CPU
		{F9436AFC-982D-4055-A9E0-4508A0AD1EC4}.Ad-Hoc|iPhoneSimulator.Build.0 = Debug|Any CPU
		{F9436AFC-982D-4055-A9E0-4508A0AD1EC4}.AppStore|Any CPU.ActiveCfg = Debug|Any CPU
		{F9436AFC-982D-4055-A9E0-4508A0AD1EC4}.AppStore|Any CPU.Build.0 = Debug|Any CPU
		{F9436AFC-982D-4055-A9E0-4508A0AD1EC4}.AppStore|iPhone.ActiveCfg = Debug|Any CPU
		{F9436AFC-982D-4055-A9E0-4508A0AD1EC4}.AppStore|iPhone.Build.0 = Debug|Any CPU
		{F9436AFC-982D-4055-A9E0-4508A0AD1EC4}.AppStore|iPhoneSimulator.ActiveCfg = Debug|Any CPU
		{F9436AFC-982D-4055-A9E0-4508A0AD1EC4}.AppStore|iPhoneSimulator.Build.0 = Debug|Any CPU
		{F9436AFC-982D-4055-A9E0-4508A0AD1EC4}.Debug|Any CPU.ActiveCfg = Debug|Any CPU
		{F9436AFC-982D-4055-A9E0-4508A0AD1EC4}.Debug|Any CPU.Build.0 = Debug|Any CPU
		{F9436AFC-982D-4055-A9E0-4508A0AD1EC4}.Debug|iPhone.ActiveCfg = Debug|Any CPU
		{F9436AFC-982D-4055-A9E0-4508A0AD1EC4}.Debug|iPhone.Build.0 = Debug|Any CPU
		{F9436AFC-982D-4055-A9E0-4508A0AD1EC4}.Debug|iPhoneSimulator.ActiveCfg = Debug|Any CPU
		{F9436AFC-982D-4055-A9E0-4508A0AD1EC4}.Debug|iPhoneSimulator.Build.0 = Debug|Any CPU
		{F9436AFC-982D-4055-A9E0-4508A0AD1EC4}.Release|Any CPU.ActiveCfg = Release|Any CPU
		{F9436AFC-982D-4055-A9E0-4508A0AD1EC4}.Release|Any CPU.Build.0 = Release|Any CPU
		{F9436AFC-982D-4055-A9E0-4508A0AD1EC4}.Release|iPhone.ActiveCfg = Release|Any CPU
		{F9436AFC-982D-4055-A9E0-4508A0AD1EC4}.Release|iPhone.Build.0 = Release|Any CPU
		{F9436AFC-982D-4055-A9E0-4508A0AD1EC4}.Release|iPhoneSimulator.ActiveCfg = Release|Any CPU
		{F9436AFC-982D-4055-A9E0-4508A0AD1EC4}.Release|iPhoneSimulator.Build.0 = Release|Any CPU
		{8896689A-5004-4426-884E-63AA6CB7CB09}.Ad-Hoc|Any CPU.ActiveCfg = Release|Any CPU
		{8896689A-5004-4426-884E-63AA6CB7CB09}.Ad-Hoc|Any CPU.Build.0 = Release|Any CPU
		{8896689A-5004-4426-884E-63AA6CB7CB09}.Ad-Hoc|iPhone.ActiveCfg = Release|Any CPU
		{8896689A-5004-4426-884E-63AA6CB7CB09}.Ad-Hoc|iPhone.Build.0 = Release|Any CPU
		{8896689A-5004-4426-884E-63AA6CB7CB09}.Ad-Hoc|iPhoneSimulator.ActiveCfg = Release|Any CPU
		{8896689A-5004-4426-884E-63AA6CB7CB09}.Ad-Hoc|iPhoneSimulator.Build.0 = Release|Any CPU
		{8896689A-5004-4426-884E-63AA6CB7CB09}.AppStore|Any CPU.ActiveCfg = Release|Any CPU
		{8896689A-5004-4426-884E-63AA6CB7CB09}.AppStore|Any CPU.Build.0 = Release|Any CPU
		{8896689A-5004-4426-884E-63AA6CB7CB09}.AppStore|iPhone.ActiveCfg = Release|Any CPU
		{8896689A-5004-4426-884E-63AA6CB7CB09}.AppStore|iPhone.Build.0 = Release|Any CPU
		{8896689A-5004-4426-884E-63AA6CB7CB09}.AppStore|iPhoneSimulator.ActiveCfg = Release|Any CPU
		{8896689A-5004-4426-884E-63AA6CB7CB09}.AppStore|iPhoneSimulator.Build.0 = Release|Any CPU
		{8896689A-5004-4426-884E-63AA6CB7CB09}.Debug|Any CPU.ActiveCfg = Debug|Any CPU
		{8896689A-5004-4426-884E-63AA6CB7CB09}.Debug|Any CPU.Build.0 = Debug|Any CPU
		{8896689A-5004-4426-884E-63AA6CB7CB09}.Debug|iPhone.ActiveCfg = Debug|Any CPU
		{8896689A-5004-4426-884E-63AA6CB7CB09}.Debug|iPhone.Build.0 = Debug|Any CPU
		{8896689A-5004-4426-884E-63AA6CB7CB09}.Debug|iPhoneSimulator.ActiveCfg = Debug|Any CPU
		{8896689A-5004-4426-884E-63AA6CB7CB09}.Debug|iPhoneSimulator.Build.0 = Debug|Any CPU
		{8896689A-5004-4426-884E-63AA6CB7CB09}.Release|Any CPU.ActiveCfg = Release|Any CPU
		{8896689A-5004-4426-884E-63AA6CB7CB09}.Release|Any CPU.Build.0 = Release|Any CPU
		{8896689A-5004-4426-884E-63AA6CB7CB09}.Release|iPhone.ActiveCfg = Release|Any CPU
		{8896689A-5004-4426-884E-63AA6CB7CB09}.Release|iPhone.Build.0 = Release|Any CPU
		{8896689A-5004-4426-884E-63AA6CB7CB09}.Release|iPhoneSimulator.ActiveCfg = Release|Any CPU
		{8896689A-5004-4426-884E-63AA6CB7CB09}.Release|iPhoneSimulator.Build.0 = Release|Any CPU
		{4E02FC61-AE19-4FA4-A1D7-C294A76B43BB}.Ad-Hoc|Any CPU.ActiveCfg = Debug|Any CPU
		{4E02FC61-AE19-4FA4-A1D7-C294A76B43BB}.Ad-Hoc|Any CPU.Build.0 = Debug|Any CPU
		{4E02FC61-AE19-4FA4-A1D7-C294A76B43BB}.Ad-Hoc|iPhone.ActiveCfg = Debug|Any CPU
		{4E02FC61-AE19-4FA4-A1D7-C294A76B43BB}.Ad-Hoc|iPhone.Build.0 = Debug|Any CPU
		{4E02FC61-AE19-4FA4-A1D7-C294A76B43BB}.Ad-Hoc|iPhoneSimulator.ActiveCfg = Debug|Any CPU
		{4E02FC61-AE19-4FA4-A1D7-C294A76B43BB}.Ad-Hoc|iPhoneSimulator.Build.0 = Debug|Any CPU
		{4E02FC61-AE19-4FA4-A1D7-C294A76B43BB}.AppStore|Any CPU.ActiveCfg = Debug|Any CPU
		{4E02FC61-AE19-4FA4-A1D7-C294A76B43BB}.AppStore|Any CPU.Build.0 = Debug|Any CPU
		{4E02FC61-AE19-4FA4-A1D7-C294A76B43BB}.AppStore|iPhone.ActiveCfg = Debug|Any CPU
		{4E02FC61-AE19-4FA4-A1D7-C294A76B43BB}.AppStore|iPhone.Build.0 = Debug|Any CPU
		{4E02FC61-AE19-4FA4-A1D7-C294A76B43BB}.AppStore|iPhoneSimulator.ActiveCfg = Debug|Any CPU
		{4E02FC61-AE19-4FA4-A1D7-C294A76B43BB}.AppStore|iPhoneSimulator.Build.0 = Debug|Any CPU
		{4E02FC61-AE19-4FA4-A1D7-C294A76B43BB}.Debug|Any CPU.ActiveCfg = Debug|Any CPU
		{4E02FC61-AE19-4FA4-A1D7-C294A76B43BB}.Debug|Any CPU.Build.0 = Debug|Any CPU
		{4E02FC61-AE19-4FA4-A1D7-C294A76B43BB}.Debug|iPhone.ActiveCfg = Debug|Any CPU
		{4E02FC61-AE19-4FA4-A1D7-C294A76B43BB}.Debug|iPhone.Build.0 = Debug|Any CPU
		{4E02FC61-AE19-4FA4-A1D7-C294A76B43BB}.Debug|iPhoneSimulator.ActiveCfg = Debug|Any CPU
		{4E02FC61-AE19-4FA4-A1D7-C294A76B43BB}.Debug|iPhoneSimulator.Build.0 = Debug|Any CPU
		{4E02FC61-AE19-4FA4-A1D7-C294A76B43BB}.Release|Any CPU.ActiveCfg = Release|Any CPU
		{4E02FC61-AE19-4FA4-A1D7-C294A76B43BB}.Release|Any CPU.Build.0 = Release|Any CPU
		{4E02FC61-AE19-4FA4-A1D7-C294A76B43BB}.Release|iPhone.ActiveCfg = Release|Any CPU
		{4E02FC61-AE19-4FA4-A1D7-C294A76B43BB}.Release|iPhone.Build.0 = Release|Any CPU
		{4E02FC61-AE19-4FA4-A1D7-C294A76B43BB}.Release|iPhoneSimulator.ActiveCfg = Release|Any CPU
		{4E02FC61-AE19-4FA4-A1D7-C294A76B43BB}.Release|iPhoneSimulator.Build.0 = Release|Any CPU
	EndGlobalSection
	GlobalSection(SolutionProperties) = preSolution
		HideSolutionNode = FALSE
	EndGlobalSection
	GlobalSection(NestedProjects) = preSolution
		{9E343053-A69C-48DA-8279-333F720F8FD1} = {8FAC9B1E-FABD-46BC-BB25-8F3D375387B4}
		{C8F0E252-4FA2-4829-A63C-1DD73C4A61E0} = {8FAC9B1E-FABD-46BC-BB25-8F3D375387B4}
		{901DF19A-E315-4FE2-AF2B-9E202F472E3E} = {8FAC9B1E-FABD-46BC-BB25-8F3D375387B4}
		{CD358951-792C-45F3-8572-C6623A4FC8EF} = {E76046CD-958D-4B5F-9737-7DF859B4F5E6}
		{F9436AFC-982D-4055-A9E0-4508A0AD1EC4} = {4E8C1414-1A1A-4032-B171-2E40103AA338}
		{8896689A-5004-4426-884E-63AA6CB7CB09} = {4374DD06-16CA-410A-97B1-833646130F6A}
		{4E02FC61-AE19-4FA4-A1D7-C294A76B43BB} = {D3331CB0-F6B5-40A4-933C-DDD5E2CE3690}
	EndGlobalSection
	GlobalSection(ExtensibilityGlobals) = postSolution
		SolutionGuid = {94464D0A-DDBC-4EEA-A27E-FF890185CFF7}
	EndGlobalSection
EndGlobal
